// !$*UTF8*$!
{
	archiveVersion = 1;
	classes = {
	};
	objectVersion = 50;
	objects = {

/* Begin PBXBuildFile section */
		C3FCCAF322B14AEE007C7663 /* AppDelegate.swift in Sources */ = {isa = PBXBuildFile; fileRef = C3FCCAF222B14AEE007C7663 /* AppDelegate.swift */; };
		C3FCCAF522B14AEE007C7663 /* ViewController.swift in Sources */ = {isa = PBXBuildFile; fileRef = C3FCCAF422B14AEE007C7663 /* ViewController.swift */; };
		C3FCCAF822B14AEE007C7663 /* Main.storyboard in Resources */ = {isa = PBXBuildFile; fileRef = C3FCCAF622B14AEE007C7663 /* Main.storyboard */; };
		C3FCCAFA22B14AF0007C7663 /* Assets.xcassets in Resources */ = {isa = PBXBuildFile; fileRef = C3FCCAF922B14AF0007C7663 /* Assets.xcassets */; };
		C3FCCAFD22B14AF0007C7663 /* LaunchScreen.storyboard in Resources */ = {isa = PBXBuildFile; fileRef = C3FCCAFB22B14AF0007C7663 /* LaunchScreen.storyboard */; };
/* End PBXBuildFile section */

/* Begin PBXFileReference section */
		C3FCCAEF22B14AEE007C7663 /* MergeConflictMaker.app */ = {isa = PBXFileReference; explicitFileType = wrapper.application; includeInIndex = 0; path = MergeConflictMaker.app; sourceTree = BUILT_PRODUCTS_DIR; };
		C3FCCAF222B14AEE007C7663 /* AppDelegate.swift */ = {isa = PBXFileReference; lastKnownFileType = sourcecode.swift; path = AppDelegate.swift; sourceTree = "<group>"; };
		C3FCCAF422B14AEE007C7663 /* ViewController.swift */ = {isa = PBXFileReference; lastKnownFileType = sourcecode.swift; path = ViewController.swift; sourceTree = "<group>"; };
		C3FCCAF722B14AEE007C7663 /* Base */ = {isa = PBXFileReference; lastKnownFileType = file.storyboard; name = Base; path = Base.lproj/Main.storyboard; sourceTree = "<group>"; };
		C3FCCAF922B14AF0007C7663 /* Assets.xcassets */ = {isa = PBXFileReference; lastKnownFileType = folder.assetcatalog; path = Assets.xcassets; sourceTree = "<group>"; };
		C3FCCAFC22B14AF0007C7663 /* Base */ = {isa = PBXFileReference; lastKnownFileType = file.storyboard; name = Base; path = Base.lproj/LaunchScreen.storyboard; sourceTree = "<group>"; };
		C3FCCAFE22B14AF0007C7663 /* Info.plist */ = {isa = PBXFileReference; lastKnownFileType = text.plist.xml; path = Info.plist; sourceTree = "<group>"; };
/* End PBXFileReference section */

/* Begin PBXFrameworksBuildPhase section */
		C3FCCAEC22B14AEE007C7663 /* Frameworks */ = {
			isa = PBXFrameworksBuildPhase;
			buildActionMask = 2147483647;
			files = (
			);
			runOnlyForDeploymentPostprocessing = 0;
		};
/* End PBXFrameworksBuildPhase section */

/* Begin PBXGroup section */
		C3FCCAE622B14AEE007C7663 = {
			isa = PBXGroup;
			children = (
				C3FCCAF122B14AEE007C7663 /* MergeConflictMaker */,
				C3FCCAF022B14AEE007C7663 /* Products */,
			);
			sourceTree = "<group>";
		};
		C3FCCAF022B14AEE007C7663 /* Products */ = {
			isa = PBXGroup;
			children = (
				C3FCCAEF22B14AEE007C7663 /* MergeConflictMaker.app */,
			);
			name = Products;
			sourceTree = "<group>";
		};
		C3FCCAF122B14AEE007C7663 /* MergeConflictMaker */ = {
			isa = PBXGroup;
			children = (
				C3FCCB0522B14BD1007C7663 /* ViewControllers */,
				C3FCCB0622B14BF5007C7663 /* StoryBoards */,
				C3FCCB0422B14BCC007C7663 /* Resources */,
			);
			path = MergeConflictMaker;
			sourceTree = "<group>";
		};
		C3FCCB0422B14BCC007C7663 /* Resources */ = {
			isa = PBXGroup;
			children = (
				C3FCCAF222B14AEE007C7663 /* AppDelegate.swift */,
				C3FCCAF922B14AF0007C7663 /* Assets.xcassets */,
				C3FCCAFE22B14AF0007C7663 /* Info.plist */,
			);
			path = Resources;
			sourceTree = "<group>";
		};
		C3FCCB0522B14BD1007C7663 /* ViewControllers */ = {
			isa = PBXGroup;
			children = (
				C3FCCAF422B14AEE007C7663 /* ViewController.swift */,
			);
			path = ViewControllers;
			sourceTree = "<group>";
		};
		C3FCCB0622B14BF5007C7663 /* StoryBoards */ = {
			isa = PBXGroup;
			children = (
				C3FCCAFB22B14AF0007C7663 /* LaunchScreen.storyboard */,
				C3FCCAF622B14AEE007C7663 /* Main.storyboard */,
			);
			path = StoryBoards;
			sourceTree = "<group>";
		};
/* End PBXGroup section */

/* Begin PBXNativeTarget section */
		C3FCCAEE22B14AEE007C7663 /* MergeConflictMaker */ = {
			isa = PBXNativeTarget;
			buildConfigurationList = C3FCCB0122B14AF0007C7663 /* Build configuration list for PBXNativeTarget "MergeConflictMaker" */;
			buildPhases = (
				C3FCCAEB22B14AEE007C7663 /* Sources */,
				C3FCCAEC22B14AEE007C7663 /* Frameworks */,
				C3FCCAED22B14AEE007C7663 /* Resources */,
			);
			buildRules = (
			);
			dependencies = (
			);
			name = MergeConflictMaker;
			productName = MergeConflictMaker;
			productReference = C3FCCAEF22B14AEE007C7663 /* MergeConflictMaker.app */;
			productType = "com.apple.product-type.application";
		};
/* End PBXNativeTarget section */

/* Begin PBXProject section */
		C3FCCAE722B14AEE007C7663 /* Project object */ = {
			isa = PBXProject;
			attributes = {
				LastSwiftUpdateCheck = 1020;
				LastUpgradeCheck = 1020;
				ORGANIZATIONNAME = "Cody Adcock";
				TargetAttributes = {
					C3FCCAEE22B14AEE007C7663 = {
						CreatedOnToolsVersion = 10.2.1;
					};
				};
			};
			buildConfigurationList = C3FCCAEA22B14AEE007C7663 /* Build configuration list for PBXProject "MergeConflictMaker" */;
			compatibilityVersion = "Xcode 9.3";
			developmentRegion = en;
			hasScannedForEncodings = 0;
			knownRegions = (
				en,
				Base,
			);
			mainGroup = C3FCCAE622B14AEE007C7663;
			productRefGroup = C3FCCAF022B14AEE007C7663 /* Products */;
			projectDirPath = "";
			projectRoot = "";
			targets = (
				C3FCCAEE22B14AEE007C7663 /* MergeConflictMaker */,
			);
		};
/* End PBXProject section */

/* Begin PBXResourcesBuildPhase section */
		C3FCCAED22B14AEE007C7663 /* Resources */ = {
			isa = PBXResourcesBuildPhase;
			buildActionMask = 2147483647;
			files = (
				C3FCCAFD22B14AF0007C7663 /* LaunchScreen.storyboard in Resources */,
				C3FCCAFA22B14AF0007C7663 /* Assets.xcassets in Resources */,
				C3FCCAF822B14AEE007C7663 /* Main.storyboard in Resources */,
			);
			runOnlyForDeploymentPostprocessing = 0;
		};
/* End PBXResourcesBuildPhase section */

/* Begin PBXSourcesBuildPhase section */
		C3FCCAEB22B14AEE007C7663 /* Sources */ = {
			isa = PBXSourcesBuildPhase;
			buildActionMask = 2147483647;
			files = (
				C3FCCAF522B14AEE007C7663 /* ViewController.swift in Sources */,
				C3FCCAF322B14AEE007C7663 /* AppDelegate.swift in Sources */,
			);
			runOnlyForDeploymentPostprocessing = 0;
		};
/* End PBXSourcesBuildPhase section */

/* Begin PBXVariantGroup section */
		C3FCCAF622B14AEE007C7663 /* Main.storyboard */ = {
			isa = PBXVariantGroup;
			children = (
				C3FCCAF722B14AEE007C7663 /* Base */,
			);
			name = Main.storyboard;
			sourceTree = "<group>";
		};
		C3FCCAFB22B14AF0007C7663 /* LaunchScreen.storyboard */ = {
			isa = PBXVariantGroup;
			children = (
				C3FCCAFC22B14AF0007C7663 /* Base */,
			);
			name = LaunchScreen.storyboard;
			sourceTree = "<group>";
		};
/* End PBXVariantGroup section */

/* Begin XCBuildConfiguration section */
		C3FCCAFF22B14AF0007C7663 /* Debug */ = {
			isa = XCBuildConfiguration;
			buildSettings = {
				ALWAYS_SEARCH_USER_PATHS = NO;
				CLANG_ANALYZER_NONNULL = YES;
				CLANG_ANALYZER_NUMBER_OBJECT_CONVERSION = YES_AGGRESSIVE;
				CLANG_CXX_LANGUAGE_STANDARD = "gnu++14";
				CLANG_CXX_LIBRARY = "libc++";
				CLANG_ENABLE_MODULES = YES;
				CLANG_ENABLE_OBJC_ARC = YES;
				CLANG_ENABLE_OBJC_WEAK = YES;
				CLANG_WARN_BLOCK_CAPTURE_AUTORELEASING = YES;
				CLANG_WARN_BOOL_CONVERSION = YES;
				CLANG_WARN_COMMA = YES;
				CLANG_WARN_CONSTANT_CONVERSION = YES;
				CLANG_WARN_DEPRECATED_OBJC_IMPLEMENTATIONS = YES;
				CLANG_WARN_DIRECT_OBJC_ISA_USAGE = YES_ERROR;
				CLANG_WARN_DOCUMENTATION_COMMENTS = YES;
				CLANG_WARN_EMPTY_BODY = YES;
				CLANG_WARN_ENUM_CONVERSION = YES;
				CLANG_WARN_INFINITE_RECURSION = YES;
				CLANG_WARN_INT_CONVERSION = YES;
				CLANG_WARN_NON_LITERAL_NULL_CONVERSION = YES;
				CLANG_WARN_OBJC_IMPLICIT_RETAIN_SELF = YES;
				CLANG_WARN_OBJC_LITERAL_CONVERSION = YES;
				CLANG_WARN_OBJC_ROOT_CLASS = YES_ERROR;
				CLANG_WARN_RANGE_LOOP_ANALYSIS = YES;
				CLANG_WARN_STRICT_PROTOTYPES = YES;
				CLANG_WARN_SUSPICIOUS_MOVE = YES;
				CLANG_WARN_UNGUARDED_AVAILABILITY = YES_AGGRESSIVE;
				CLANG_WARN_UNREACHABLE_CODE = YES;
				CLANG_WARN__DUPLICATE_METHOD_MATCH = YES;
				CODE_SIGN_IDENTITY = "iPhone Developer";
				COPY_PHASE_STRIP = NO;
				DEBUG_INFORMATION_FORMAT = dwarf;
				ENABLE_STRICT_OBJC_MSGSEND = YES;
				ENABLE_TESTABILITY = YES;
				GCC_C_LANGUAGE_STANDARD = gnu11;
				GCC_DYNAMIC_NO_PIC = NO;
				GCC_NO_COMMON_BLOCKS = YES;
				GCC_OPTIMIZATION_LEVEL = 0;
				GCC_PREPROCESSOR_DEFINITIONS = (
					"DEBUG=1",
					"$(inherited)",
				);
				GCC_WARN_64_TO_32_BIT_CONVERSION = YES;
				GCC_WARN_ABOUT_RETURN_TYPE = YES_ERROR;
				GCC_WARN_UNDECLARED_SELECTOR = YES;
				GCC_WARN_UNINITIALIZED_AUTOS = YES_AGGRESSIVE;
				GCC_WARN_UNUSED_FUNCTION = YES;
				GCC_WARN_UNUSED_VARIABLE = YES;
				IPHONEOS_DEPLOYMENT_TARGET = 12.2;
				MTL_ENABLE_DEBUG_INFO = INCLUDE_SOURCE;
				MTL_FAST_MATH = YES;
				ONLY_ACTIVE_ARCH = YES;
				SDKROOT = iphoneos;
				SWIFT_ACTIVE_COMPILATION_CONDITIONS = DEBUG;
				SWIFT_OPTIMIZATION_LEVEL = "-Onone";
			};
			name = Debug;
		};
		C3FCCB0022B14AF0007C7663 /* Release */ = {
			isa = XCBuildConfiguration;
			buildSettings = {
				ALWAYS_SEARCH_USER_PATHS = NO;
				CLANG_ANALYZER_NONNULL = YES;
				CLANG_ANALYZER_NUMBER_OBJECT_CONVERSION = YES_AGGRESSIVE;
				CLANG_CXX_LANGUAGE_STANDARD = "gnu++14";
				CLANG_CXX_LIBRARY = "libc++";
				CLANG_ENABLE_MODULES = YES;
				CLANG_ENABLE_OBJC_ARC = YES;
				CLANG_ENABLE_OBJC_WEAK = YES;
				CLANG_WARN_BLOCK_CAPTURE_AUTORELEASING = YES;
				CLANG_WARN_BOOL_CONVERSION = YES;
				CLANG_WARN_COMMA = YES;
				CLANG_WARN_CONSTANT_CONVERSION = YES;
				CLANG_WARN_DEPRECATED_OBJC_IMPLEMENTATIONS = YES;
				CLANG_WARN_DIRECT_OBJC_ISA_USAGE = YES_ERROR;
				CLANG_WARN_DOCUMENTATION_COMMENTS = YES;
				CLANG_WARN_EMPTY_BODY = YES;
				CLANG_WARN_ENUM_CONVERSION = YES;
				CLANG_WARN_INFINITE_RECURSION = YES;
				CLANG_WARN_INT_CONVERSION = YES;
				CLANG_WARN_NON_LITERAL_NULL_CONVERSION = YES;
				CLANG_WARN_OBJC_IMPLICIT_RETAIN_SELF = YES;
				CLANG_WARN_OBJC_LITERAL_CONVERSION = YES;
				CLANG_WARN_OBJC_ROOT_CLASS = YES_ERROR;
				CLANG_WARN_RANGE_LOOP_ANALYSIS = YES;
				CLANG_WARN_STRICT_PROTOTYPES = YES;
				CLANG_WARN_SUSPICIOUS_MOVE = YES;
				CLANG_WARN_UNGUARDED_AVAILABILITY = YES_AGGRESSIVE;
				CLANG_WARN_UNREACHABLE_CODE = YES;
				CLANG_WARN__DUPLICATE_METHOD_MATCH = YES;
				CODE_SIGN_IDENTITY = "iPhone Developer";
				COPY_PHASE_STRIP = NO;
				DEBUG_INFORMATION_FORMAT = "dwarf-with-dsym";
				ENABLE_NS_ASSERTIONS = NO;
				ENABLE_STRICT_OBJC_MSGSEND = YES;
				GCC_C_LANGUAGE_STANDARD = gnu11;
				GCC_NO_COMMON_BLOCKS = YES;
				GCC_WARN_64_TO_32_BIT_CONVERSION = YES;
				GCC_WARN_ABOUT_RETURN_TYPE = YES_ERROR;
				GCC_WARN_UNDECLARED_SELECTOR = YES;
				GCC_WARN_UNINITIALIZED_AUTOS = YES_AGGRESSIVE;
				GCC_WARN_UNUSED_FUNCTION = YES;
				GCC_WARN_UNUSED_VARIABLE = YES;
				IPHONEOS_DEPLOYMENT_TARGET = 12.2;
				MTL_ENABLE_DEBUG_INFO = NO;
				MTL_FAST_MATH = YES;
				SDKROOT = iphoneos;
				SWIFT_COMPILATION_MODE = wholemodule;
				SWIFT_OPTIMIZATION_LEVEL = "-O";
				VALIDATE_PRODUCT = YES;
			};
			name = Release;
		};
		C3FCCB0222B14AF0007C7663 /* Debug */ = {
			isa = XCBuildConfiguration;
			buildSettings = {
				ASSETCATALOG_COMPILER_APPICON_NAME = AppIcon;
				CODE_SIGN_STYLE = Automatic;
				DEVELOPMENT_TEAM = 23QW9JU9DK;
				INFOPLIST_FILE = MergeConflictMaker/Info.plist;
				LD_RUNPATH_SEARCH_PATHS = (
					"$(inherited)",
					"@executable_path/Frameworks",
				);
				PRODUCT_BUNDLE_IDENTIFIER = com.CodyAdcock.MergeConflictMaker;
				PRODUCT_NAME = "$(TARGET_NAME)";
				SWIFT_VERSION = 5.0;
				TARGETED_DEVICE_FAMILY = "1,2";
			};
			name = Debug;
		};
		C3FCCB0322B14AF0007C7663 /* Release */ = {
			isa = XCBuildConfiguration;
			buildSettings = {
				ASSETCATALOG_COMPILER_APPICON_NAME = AppIcon;
				CODE_SIGN_STYLE = Automatic;
				DEVELOPMENT_TEAM = 23QW9JU9DK;
				INFOPLIST_FILE = MergeConflictMaker/Info.plist;
				LD_RUNPATH_SEARCH_PATHS = (
					"$(inherited)",
					"@executable_path/Frameworks",
				);
				PRODUCT_BUNDLE_IDENTIFIER = com.CodyAdcock.MergeConflictMaker;
				PRODUCT_NAME = "$(TARGET_NAME)";
				SWIFT_VERSION = 5.0;
				TARGETED_DEVICE_FAMILY = "1,2";
			};
			name = Release;
		};
/* End XCBuildConfiguration section */

/* Begin XCConfigurationList section */
		C3FCCAEA22B14AEE007C7663 /* Build configuration list for PBXProject "MergeConflictMaker" */ = {
			isa = XCConfigurationList;
			buildConfigurations = (
				C3FCCAFF22B14AF0007C7663 /* Debug */,
				C3FCCB0022B14AF0007C7663 /* Release */,
			);
			defaultConfigurationIsVisible = 0;
			defaultConfigurationName = Release;
		};
		C3FCCB0122B14AF0007C7663 /* Build configuration list for PBXNativeTarget "MergeConflictMaker" */ = {
			isa = XCConfigurationList;
			buildConfigurations = (
				C3FCCB0222B14AF0007C7663 /* Debug */,
				C3FCCB0322B14AF0007C7663 /* Release */,
			);
			defaultConfigurationIsVisible = 0;
			defaultConfigurationName = Release;
		};
/* End XCConfigurationList section */
	};
	rootObject = C3FCCAE722B14AEE007C7663 /* Project object */;
}
